
Microsoft Visual Studio Solution File, Format Version 12.00
# Visual Studio Version 17
VisualStudioVersion = 17.7.34031.279
MinimumVisualStudioVersion = 10.0.40219.1
Project("{FAE04EC0-301F-11D3-BF4B-00C04F79EFBC}") = "Student_API_Controllers", "Student_API_Controllers.csproj", "{1A950246-CD92-489B-ADB5-BF72E18E326A}"
EndProject
Global
	GlobalSection(SolutionConfigurationPlatforms) = preSolution
		Debug|Any CPU = Debug|Any CPU
		Release|Any CPU = Release|Any CPU
	EndGlobalSection
	GlobalSection(ProjectConfigurationPlatforms) = postSolution
		{1A950246-CD92-489B-ADB5-BF72E18E326A}.Debug|Any CPU.ActiveCfg = Debug|Any CPU
		{1A950246-CD92-489B-ADB5-BF72E18E326A}.Debug|Any CPU.Build.0 = Debug|Any CPU
		{1A950246-CD92-489B-ADB5-BF72E18E326A}.Release|Any CPU.ActiveCfg = Release|Any CPU
		{1A950246-CD92-489B-ADB5-BF72E18E326A}.Release|Any CPU.Build.0 = Release|Any CPU
	EndGlobalSection
	GlobalSection(SolutionProperties) = preSolution
		HideSolutionNode = FALSE
	EndGlobalSection
	GlobalSection(ExtensibilityGlobals) = postSolution
		SolutionGuid = {44868CC6-3E75-4E82-917A-22999929CB2D}
	EndGlobalSection
EndGlobal
