
Microsoft Visual Studio Solution File, Format Version 12.00
# Visual Studio Version 17
VisualStudioVersion = 17.7.34031.279
MinimumVisualStudioVersion = 10.0.40219.1
Project("{FAE04EC0-301F-11D3-BF4B-00C04F79EFBC}") = "TopPlaces", "TopPlaces.csproj", "{00DA6F75-3408-4C1F-9087-F7F18FACEFBD}"
EndProject
Global
	GlobalSection(SolutionConfigurationPlatforms) = preSolution
		Debug|Any CPU = Debug|Any CPU
		Release|Any CPU = Release|Any CPU
	EndGlobalSection
	GlobalSection(ProjectConfigurationPlatforms) = postSolution
		{00DA6F75-3408-4C1F-9087-F7F18FACEFBD}.Debug|Any CPU.ActiveCfg = Debug|Any CPU
		{00DA6F75-3408-4C1F-9087-F7F18FACEFBD}.Debug|Any CPU.Build.0 = Debug|Any CPU
		{00DA6F75-3408-4C1F-9087-F7F18FACEFBD}.Release|Any CPU.ActiveCfg = Release|Any CPU
		{00DA6F75-3408-4C1F-9087-F7F18FACEFBD}.Release|Any CPU.Build.0 = Release|Any CPU
	EndGlobalSection
	GlobalSection(SolutionProperties) = preSolution
		HideSolutionNode = FALSE
	EndGlobalSection
	GlobalSection(ExtensibilityGlobals) = postSolution
		SolutionGuid = {7484F720-16D3-4663-B35B-362EBE124983}
	EndGlobalSection
EndGlobal
